
Microsoft Visual Studio Solution File, Format Version 12.00
# Visual Studio Version 17
VisualStudioVersion = 17.1.32210.238
MinimumVisualStudioVersion = 10.0.40219.1
Project("{FAE04EC0-301F-11D3-BF4B-00C04F79EFBC}") = "array2", "array2\array2.csproj", "{663A290E-2AC2-4D25-90A3-844C65E36126}"
EndProject
Global
	GlobalSection(SolutionConfigurationPlatforms) = preSolution
		Debug|Any CPU = Debug|Any CPU
		Release|Any CPU = Release|Any CPU
	EndGlobalSection
	GlobalSection(ProjectConfigurationPlatforms) = postSolution
		{663A290E-2AC2-4D25-90A3-844C65E36126}.Debug|Any CPU.ActiveCfg = Debug|Any CPU
		{663A290E-2AC2-4D25-90A3-844C65E36126}.Debug|Any CPU.Build.0 = Debug|Any CPU
		{663A290E-2AC2-4D25-90A3-844C65E36126}.Release|Any CPU.ActiveCfg = Release|Any CPU
		{663A290E-2AC2-4D25-90A3-844C65E36126}.Release|Any CPU.Build.0 = Release|Any CPU
	EndGlobalSection
	GlobalSection(SolutionProperties) = preSolution
		HideSolutionNode = FALSE
	EndGlobalSection
	GlobalSection(ExtensibilityGlobals) = postSolution
		SolutionGuid = {AD5F8FB0-6877-49BD-820B-13F67C163054}
	EndGlobalSection
EndGlobal
